
Microsoft Visual Studio Solution File, Format Version 12.00
# Visual Studio Version 17
VisualStudioVersion = 17.14.36015.10
MinimumVisualStudioVersion = 10.0.40219.1
Project("{9A19103F-16F7-4668-BE54-9A1E7A4F7556}") = "TechXpress.Web", "TechXpress.Web\TechXpress.Web.csproj", "{0AB4EA4B-61B1-4172-8A9E-0B835ECF72C3}"
EndProject
Project("{9A19103F-16F7-4668-BE54-9A1E7A4F7556}") = "TechXpress.Domain", "TechXpress.Domain\TechXpress.Domain.csproj", "{E67F7EE4-318A-4ADB-86DE-AA98A56D788F}"
EndProject
Project("{FAE04EC0-301F-11D3-BF4B-00C04F79EFBC}") = "TechXpress.Logic", "TechXpress.Logic\TechXpress.Logic.csproj", "{409C2350-4707-47CD-8BA6-06DE731A11D6}"
EndProject
Global
	GlobalSection(SolutionConfigurationPlatforms) = preSolution
		Debug|Any CPU = Debug|Any CPU
		Release|Any CPU = Release|Any CPU
	EndGlobalSection
	GlobalSection(ProjectConfigurationPlatforms) = postSolution
		{0AB4EA4B-61B1-4172-8A9E-0B835ECF72C3}.Debug|Any CPU.ActiveCfg = Debug|Any CPU
		{0AB4EA4B-61B1-4172-8A9E-0B835ECF72C3}.Debug|Any CPU.Build.0 = Debug|Any CPU
		{0AB4EA4B-61B1-4172-8A9E-0B835ECF72C3}.Release|Any CPU.ActiveCfg = Release|Any CPU
		{0AB4EA4B-61B1-4172-8A9E-0B835ECF72C3}.Release|Any CPU.Build.0 = Release|Any CPU
		{E67F7EE4-318A-4ADB-86DE-AA98A56D788F}.Debug|Any CPU.ActiveCfg = Debug|Any CPU
		{E67F7EE4-318A-4ADB-86DE-AA98A56D788F}.Debug|Any CPU.Build.0 = Debug|Any CPU
		{E67F7EE4-318A-4ADB-86DE-AA98A56D788F}.Release|Any CPU.ActiveCfg = Release|Any CPU
		{E67F7EE4-318A-4ADB-86DE-AA98A56D788F}.Release|Any CPU.Build.0 = Release|Any CPU
		{409C2350-4707-47CD-8BA6-06DE731A11D6}.Debug|Any CPU.ActiveCfg = Debug|Any CPU
		{409C2350-4707-47CD-8BA6-06DE731A11D6}.Debug|Any CPU.Build.0 = Debug|Any CPU
		{409C2350-4707-47CD-8BA6-06DE731A11D6}.Release|Any CPU.ActiveCfg = Release|Any CPU
		{409C2350-4707-47CD-8BA6-06DE731A11D6}.Release|Any CPU.Build.0 = Release|Any CPU
	EndGlobalSection
	GlobalSection(SolutionProperties) = preSolution
		HideSolutionNode = FALSE
	EndGlobalSection
	GlobalSection(ExtensibilityGlobals) = postSolution
		SolutionGuid = {A9C0FC40-4F23-4803-8A0E-C38E96F23F98}
	EndGlobalSection
EndGlobal
